
Microsoft Visual Studio Solution File, Format Version 12.00
# Visual Studio Version 17
VisualStudioVersion = 17.7.34031.279
MinimumVisualStudioVersion = 10.0.40219.1
Project("{FAE04EC0-301F-11D3-BF4B-00C04F79EFBC}") = "SumOfTwoNumber(Ian)", "SumOfTwoNumber(Ian).csproj", "{89D5DADF-EC51-4EC6-B855-FF7B7EF8EC18}"
EndProject
Global
	GlobalSection(SolutionConfigurationPlatforms) = preSolution
		Debug|Any CPU = Debug|Any CPU
		Release|Any CPU = Release|Any CPU
	EndGlobalSection
	GlobalSection(ProjectConfigurationPlatforms) = postSolution
		{89D5DADF-EC51-4EC6-B855-FF7B7EF8EC18}.Debug|Any CPU.ActiveCfg = Debug|Any CPU
		{89D5DADF-EC51-4EC6-B855-FF7B7EF8EC18}.Debug|Any CPU.Build.0 = Debug|Any CPU
		{89D5DADF-EC51-4EC6-B855-FF7B7EF8EC18}.Release|Any CPU.ActiveCfg = Release|Any CPU
		{89D5DADF-EC51-4EC6-B855-FF7B7EF8EC18}.Release|Any CPU.Build.0 = Release|Any CPU
	EndGlobalSection
	GlobalSection(SolutionProperties) = preSolution
		HideSolutionNode = FALSE
	EndGlobalSection
	GlobalSection(ExtensibilityGlobals) = postSolution
		SolutionGuid = {712414D8-796F-49C5-8390-25249086FFDA}
	EndGlobalSection
EndGlobal
